// !$*UTF8*$!
{
	archiveVersion = 1;
	classes = {
	};
	objectVersion = 56;
	objects = {

/* Begin PBXBuildFile section */
		5EF744DF2A4C0577005EC0FF /* AppDelegate.m in Sources */ = {isa = PBXBuildFile; fileRef = 5EF744DE2A4C0577005EC0FF /* AppDelegate.m */; };
		5EF744E22A4C0577005EC0FF /* SceneDelegate.m in Sources */ = {isa = PBXBuildFile; fileRef = 5EF744E12A4C0577005EC0FF /* SceneDelegate.m */; };
		5EF744E52A4C0577005EC0FF /* ViewController.m in Sources */ = {isa = PBXBuildFile; fileRef = 5EF744E42A4C0577005EC0FF /* ViewController.m */; };
		5EF744E82A4C0577005EC0FF /* Main.storyboard in Resources */ = {isa = PBXBuildFile; fileRef = 5EF744E62A4C0577005EC0FF /* Main.storyboard */; };
		5EF744EA2A4C0578005EC0FF /* Assets.xcassets in Resources */ = {isa = PBXBuildFile; fileRef = 5EF744E92A4C0578005EC0FF /* Assets.xcassets */; };
		5EF744ED2A4C0578005EC0FF /* LaunchScreen.storyboard in Resources */ = {isa = PBXBuildFile; fileRef = 5EF744EB2A4C0578005EC0FF /* LaunchScreen.storyboard */; };
		5EF744F02A4C0578005EC0FF /* main.m in Sources */ = {isa = PBXBuildFile; fileRef = 5EF744EF2A4C0578005EC0FF /* main.m */; };
/* End PBXBuildFile section */

/* Begin PBXFileReference section */
		5EF744DA2A4C0577005EC0FF /* gitProj.app */ = {isa = PBXFileReference; explicitFileType = wrapper.application; includeInIndex = 0; path = gitProj.app; sourceTree = BUILT_PRODUCTS_DIR; };
		5EF744DD2A4C0577005EC0FF /* AppDelegate.h */ = {isa = PBXFileReference; lastKnownFileType = sourcecode.c.h; path = AppDelegate.h; sourceTree = "<group>"; };
		5EF744DE2A4C0577005EC0FF /* AppDelegate.m */ = {isa = PBXFileReference; lastKnownFileType = sourcecode.c.objc; path = AppDelegate.m; sourceTree = "<group>"; };
		5EF744E02A4C0577005EC0FF /* SceneDelegate.h */ = {isa = PBXFileReference; lastKnownFileType = sourcecode.c.h; path = SceneDelegate.h; sourceTree = "<group>"; };
		5EF744E12A4C0577005EC0FF /* SceneDelegate.m */ = {isa = PBXFileReference; lastKnownFileType = sourcecode.c.objc; path = SceneDelegate.m; sourceTree = "<group>"; };
		5EF744E32A4C0577005EC0FF /* ViewController.h */ = {isa = PBXFileReference; lastKnownFileType = sourcecode.c.h; path = ViewController.h; sourceTree = "<group>"; };
		5EF744E42A4C0577005EC0FF /* ViewController.m */ = {isa = PBXFileReference; lastKnownFileType = sourcecode.c.objc; path = ViewController.m; sourceTree = "<group>"; };
		5EF744E72A4C0577005EC0FF /* Base */ = {isa = PBXFileReference; lastKnownFileType = file.storyboard; name = Base; path = Base.lproj/Main.storyboard; sourceTree = "<group>"; };
		5EF744E92A4C0578005EC0FF /* Assets.xcassets */ = {isa = PBXFileReference; lastKnownFileType = folder.assetcatalog; path = Assets.xcassets; sourceTree = "<group>"; };
		5EF744EC2A4C0578005EC0FF /* Base */ = {isa = PBXFileReference; lastKnownFileType = file.storyboard; name = Base; path = Base.lproj/LaunchScreen.storyboard; sourceTree = "<group>"; };
		5EF744EE2A4C0578005EC0FF /* Info.plist */ = {isa = PBXFileReference; lastKnownFileType = text.plist.xml; path = Info.plist; sourceTree = "<group>"; };
		5EF744EF2A4C0578005EC0FF /* main.m */ = {isa = PBXFileReference; lastKnownFileType = sourcecode.c.objc; path = main.m; sourceTree = "<group>"; };
/* End PBXFileReference section */

/* Begin PBXFrameworksBuildPhase section */
		5EF744D72A4C0577005EC0FF /* Frameworks */ = {
			isa = PBXFrameworksBuildPhase;
			buildActionMask = 2147483647;
			files = (
			);
			runOnlyForDeploymentPostprocessing = 0;
		};
/* End PBXFrameworksBuildPhase section */

/* Begin PBXGroup section */
		5EF744D12A4C0577005EC0FF = {
			isa = PBXGroup;
			children = (
				5EF744DC2A4C0577005EC0FF /* gitProj */,
				5EF744DB2A4C0577005EC0FF /* Products */,
			);
			sourceTree = "<group>";
		};
		5EF744DB2A4C0577005EC0FF /* Products */ = {
			isa = PBXGroup;
			children = (
				5EF744DA2A4C0577005EC0FF /* gitProj.app */,
			);
			name = Products;
			sourceTree = "<group>";
		};
		5EF744DC2A4C0577005EC0FF /* gitProj */ = {
			isa = PBXGroup;
			children = (
				5EF744DD2A4C0577005EC0FF /* AppDelegate.h */,
				5EF744DE2A4C0577005EC0FF /* AppDelegate.m */,
				5EF744E02A4C0577005EC0FF /* SceneDelegate.h */,
				5EF744E12A4C0577005EC0FF /* SceneDelegate.m */,
				5EF744E32A4C0577005EC0FF /* ViewController.h */,
				5EF744E42A4C0577005EC0FF /* ViewController.m */,
				5EF744E62A4C0577005EC0FF /* Main.storyboard */,
				5EF744E92A4C0578005EC0FF /* Assets.xcassets */,
				5EF744EB2A4C0578005EC0FF /* LaunchScreen.storyboard */,
				5EF744EE2A4C0578005EC0FF /* Info.plist */,
				5EF744EF2A4C0578005EC0FF /* main.m */,
			);
			path = gitProj;
			sourceTree = "<group>";
		};
/* End PBXGroup section */

/* Begin PBXNativeTarget section */
		5EF744D92A4C0577005EC0FF /* gitProj */ = {
			isa = PBXNativeTarget;
			buildConfigurationList = 5EF744F32A4C0578005EC0FF /* Build configuration list for PBXNativeTarget "gitProj" */;
			buildPhases = (
				5EF744D62A4C0577005EC0FF /* Sources */,
				5EF744D72A4C0577005EC0FF /* Frameworks */,
				5EF744D82A4C0577005EC0FF /* Resources */,
			);
			buildRules = (
			);
			dependencies = (
			);
			name = gitProj;
			productName = gitProj;
			productReference = 5EF744DA2A4C0577005EC0FF /* gitProj.app */;
			productType = "com.apple.product-type.application";
		};
/* End PBXNativeTarget section */

/* Begin PBXProject section */
		5EF744D22A4C0577005EC0FF /* Project object */ = {
			isa = PBXProject;
			attributes = {
				BuildIndependentTargetsInParallel = 1;
				LastUpgradeCheck = 1410;
				TargetAttributes = {
					5EF744D92A4C0577005EC0FF = {
						CreatedOnToolsVersion = 14.1;
					};
				};
			};
			buildConfigurationList = 5EF744D52A4C0577005EC0FF /* Build configuration list for PBXProject "gitProj" */;
			compatibilityVersion = "Xcode 14.0";
			developmentRegion = en;
			hasScannedForEncodings = 0;
			knownRegions = (
				en,
				Base,
			);
			mainGroup = 5EF744D12A4C0577005EC0FF;
			productRefGroup = 5EF744DB2A4C0577005EC0FF /* Products */;
			projectDirPath = "";
			projectRoot = "";
			targets = (
				5EF744D92A4C0577005EC0FF /* gitProj */,
			);
		};
/* End PBXProject section */

/* Begin PBXResourcesBuildPhase section */
		5EF744D82A4C0577005EC0FF /* Resources */ = {
			isa = PBXResourcesBuildPhase;
			buildActionMask = 2147483647;
			files = (
				5EF744ED2A4C0578005EC0FF /* LaunchScreen.storyboard in Resources */,
				5EF744EA2A4C0578005EC0FF /* Assets.xcassets in Resources */,
				5EF744E82A4C0577005EC0FF /* Main.storyboard in Resources */,
			);
			runOnlyForDeploymentPostprocessing = 0;
		};
/* End PBXResourcesBuildPhase section */

/* Begin PBXSourcesBuildPhase section */
		5EF744D62A4C0577005EC0FF /* Sources */ = {
			isa = PBXSourcesBuildPhase;
			buildActionMask = 2147483647;
			files = (
				5EF744E52A4C0577005EC0FF /* ViewController.m in Sources */,
				5EF744DF2A4C0577005EC0FF /* AppDelegate.m in Sources */,
				5EF744F02A4C0578005EC0FF /* main.m in Sources */,
				5EF744E22A4C0577005EC0FF /* SceneDelegate.m in Sources */,
			);
			runOnlyForDeploymentPostprocessing = 0;
		};
/* End PBXSourcesBuildPhase section */

/* Begin PBXVariantGroup section */
		5EF744E62A4C0577005EC0FF /* Main.storyboard */ = {
			isa = PBXVariantGroup;
			children = (
				5EF744E72A4C0577005EC0FF /* Base */,
			);
			name = Main.storyboard;
			sourceTree = "<group>";
		};
		5EF744EB2A4C0578005EC0FF /* LaunchScreen.storyboard */ = {
			isa = PBXVariantGroup;
			children = (
				5EF744EC2A4C0578005EC0FF /* Base */,
			);
			name = LaunchScreen.storyboard;
			sourceTree = "<group>";
		};
/* End PBXVariantGroup section */

/* Begin XCBuildConfiguration section */
		5EF744F12A4C0578005EC0FF /* Debug */ = {
			isa = XCBuildConfiguration;
			buildSettings = {
				ALWAYS_SEARCH_USER_PATHS = NO;
				CLANG_ANALYZER_NONNULL = YES;
				CLANG_ANALYZER_NUMBER_OBJECT_CONVERSION = YES_AGGRESSIVE;
				CLANG_CXX_LANGUAGE_STANDARD = "gnu++20";
				CLANG_ENABLE_MODULES = YES;
				CLANG_ENABLE_OBJC_ARC = YES;
				CLANG_ENABLE_OBJC_WEAK = YES;
				CLANG_WARN_BLOCK_CAPTURE_AUTORELEASING = YES;
				CLANG_WARN_BOOL_CONVERSION = YES;
				CLANG_WARN_COMMA = YES;
				CLANG_WARN_CONSTANT_CONVERSION = YES;
				CLANG_WARN_DEPRECATED_OBJC_IMPLEMENTATIONS = YES;
				CLANG_WARN_DIRECT_OBJC_ISA_USAGE = YES_ERROR;
				CLANG_WARN_DOCUMENTATION_COMMENTS = YES;
				CLANG_WARN_EMPTY_BODY = YES;
				CLANG_WARN_ENUM_CONVERSION = YES;
				CLANG_WARN_INFINITE_RECURSION = YES;
				CLANG_WARN_INT_CONVERSION = YES;
				CLANG_WARN_NON_LITERAL_NULL_CONVERSION = YES;
				CLANG_WARN_OBJC_IMPLICIT_RETAIN_SELF = YES;
				CLANG_WARN_OBJC_LITERAL_CONVERSION = YES;
				CLANG_WARN_OBJC_ROOT_CLASS = YES_ERROR;
				CLANG_WARN_QUOTED_INCLUDE_IN_FRAMEWORK_HEADER = YES;
				CLANG_WARN_RANGE_LOOP_ANALYSIS = YES;
				CLANG_WARN_STRICT_PROTOTYPES = YES;
				CLANG_WARN_SUSPICIOUS_MOVE = YES;
				CLANG_WARN_UNGUARDED_AVAILABILITY = YES_AGGRESSIVE;
				CLANG_WARN_UNREACHABLE_CODE = YES;
				CLANG_WARN__DUPLICATE_METHOD_MATCH = YES;
				COPY_PHASE_STRIP = NO;
				DEBUG_INFORMATION_FORMAT = dwarf;
				ENABLE_STRICT_OBJC_MSGSEND = YES;
				ENABLE_TESTABILITY = YES;
				GCC_C_LANGUAGE_STANDARD = gnu11;
				GCC_DYNAMIC_NO_PIC = NO;
				GCC_NO_COMMON_BLOCKS = YES;
				GCC_OPTIMIZATION_LEVEL = 0;
				GCC_PREPROCESSOR_DEFINITIONS = (
					"DEBUG=1",
					"$(inherited)",
				);
				GCC_WARN_64_TO_32_BIT_CONVERSION = YES;
				GCC_WARN_ABOUT_RETURN_TYPE = YES_ERROR;
				GCC_WARN_UNDECLARED_SELECTOR = YES;
				GCC_WARN_UNINITIALIZED_AUTOS = YES_AGGRESSIVE;
				GCC_WARN_UNUSED_FUNCTION = YES;
				GCC_WARN_UNUSED_VARIABLE = YES;
				IPHONEOS_DEPLOYMENT_TARGET = 16.1;
				MTL_ENABLE_DEBUG_INFO = INCLUDE_SOURCE;
				MTL_FAST_MATH = YES;
				ONLY_ACTIVE_ARCH = YES;
				SDKROOT = iphoneos;
			};
			name = Debug;
		};
		5EF744F22A4C0578005EC0FF /* Release */ = {
			isa = XCBuildConfiguration;
			buildSettings = {
				ALWAYS_SEARCH_USER_PATHS = NO;
				CLANG_ANALYZER_NONNULL = YES;
				CLANG_ANALYZER_NUMBER_OBJECT_CONVERSION = YES_AGGRESSIVE;
				CLANG_CXX_LANGUAGE_STANDARD = "gnu++20";
				CLANG_ENABLE_MODULES = YES;
				CLANG_ENABLE_OBJC_ARC = YES;
				CLANG_ENABLE_OBJC_WEAK = YES;
				CLANG_WARN_BLOCK_CAPTURE_AUTORELEASING = YES;
				CLANG_WARN_BOOL_CONVERSION = YES;
				CLANG_WARN_COMMA = YES;
				CLANG_WARN_CONSTANT_CONVERSION = YES;
				CLANG_WARN_DEPRECATED_OBJC_IMPLEMENTATIONS = YES;
				CLANG_WARN_DIRECT_OBJC_ISA_USAGE = YES_ERROR;
				CLANG_WARN_DOCUMENTATION_COMMENTS = YES;
				CLANG_WARN_EMPTY_BODY = YES;
				CLANG_WARN_ENUM_CONVERSION = YES;
				CLANG_WARN_INFINITE_RECURSION = YES;
				CLANG_WARN_INT_CONVERSION = YES;
				CLANG_WARN_NON_LITERAL_NULL_CONVERSION = YES;
				CLANG_WARN_OBJC_IMPLICIT_RETAIN_SELF = YES;
				CLANG_WARN_OBJC_LITERAL_CONVERSION = YES;
				CLANG_WARN_OBJC_ROOT_CLASS = YES_ERROR;
				CLANG_WARN_QUOTED_INCLUDE_IN_FRAMEWORK_HEADER = YES;
				CLANG_WARN_RANGE_LOOP_ANALYSIS = YES;
				CLANG_WARN_STRICT_PROTOTYPES = YES;
				CLANG_WARN_SUSPICIOUS_MOVE = YES;
				CLANG_WARN_UNGUARDED_AVAILABILITY = YES_AGGRESSIVE;
				CLANG_WARN_UNREACHABLE_CODE = YES;
				CLANG_WARN__DUPLICATE_METHOD_MATCH = YES;
				COPY_PHASE_STRIP = NO;
				DEBUG_INFORMATION_FORMAT = "dwarf-with-dsym";
				ENABLE_NS_ASSERTIONS = NO;
				ENABLE_STRICT_OBJC_MSGSEND = YES;
				GCC_C_LANGUAGE_STANDARD = gnu11;
				GCC_NO_COMMON_BLOCKS = YES;
				GCC_WARN_64_TO_32_BIT_CONVERSION = YES;
				GCC_WARN_ABOUT_RETURN_TYPE = YES_ERROR;
				GCC_WARN_UNDECLARED_SELECTOR = YES;
				GCC_WARN_UNINITIALIZED_AUTOS = YES_AGGRESSIVE;
				GCC_WARN_UNUSED_FUNCTION = YES;
				GCC_WARN_UNUSED_VARIABLE = YES;
				IPHONEOS_DEPLOYMENT_TARGET = 16.1;
				MTL_ENABLE_DEBUG_INFO = NO;
				MTL_FAST_MATH = YES;
				SDKROOT = iphoneos;
				VALIDATE_PRODUCT = YES;
			};
			name = Release;
		};
		5EF744F42A4C0578005EC0FF /* Debug */ = {
			isa = XCBuildConfiguration;
			buildSettings = {
				ASSETCATALOG_COMPILER_APPICON_NAME = AppIcon;
				ASSETCATALOG_COMPILER_GLOBAL_ACCENT_COLOR_NAME = AccentColor;
				CODE_SIGN_STYLE = Automatic;
				CURRENT_PROJECT_VERSION = 1;
				DEVELOPMENT_TEAM = Q2GR6J8PTF;
				GENERATE_INFOPLIST_FILE = YES;
				INFOPLIST_FILE = gitProj/Info.plist;
				INFOPLIST_KEY_UIApplicationSupportsIndirectInputEvents = YES;
				INFOPLIST_KEY_UILaunchStoryboardName = LaunchScreen;
				INFOPLIST_KEY_UIMainStoryboardFile = Main;
				INFOPLIST_KEY_UISupportedInterfaceOrientations_iPad = "UIInterfaceOrientationPortrait UIInterfaceOrientationPortraitUpsideDown UIInterfaceOrientationLandscapeLeft UIInterfaceOrientationLandscapeRight";
				INFOPLIST_KEY_UISupportedInterfaceOrientations_iPhone = "UIInterfaceOrientationPortrait UIInterfaceOrientationLandscapeLeft UIInterfaceOrientationLandscapeRight";
				LD_RUNPATH_SEARCH_PATHS = (
					"$(inherited)",
					"@executable_path/Frameworks",
				);
				MARKETING_VERSION = 1.0;
				PRODUCT_BUNDLE_IDENTIFIER = com.alamo.gitProj;
				PRODUCT_NAME = "$(TARGET_NAME)";
				SWIFT_EMIT_LOC_STRINGS = YES;
				TARGETED_DEVICE_FAMILY = "1,2";
			};
			name = Debug;
		};
		5EF744F52A4C0578005EC0FF /* Release */ = {
			isa = XCBuildConfiguration;
			buildSettings = {
				ASSETCATALOG_COMPILER_APPICON_NAME = AppIcon;
				ASSETCATALOG_COMPILER_GLOBAL_ACCENT_COLOR_NAME = AccentColor;
				CODE_SIGN_STYLE = Automatic;
				CURRENT_PROJECT_VERSION = 1;
				DEVELOPMENT_TEAM = Q2GR6J8PTF;
				GENERATE_INFOPLIST_FILE = YES;
				INFOPLIST_FILE = gitProj/Info.plist;
				INFOPLIST_KEY_UIApplicationSupportsIndirectInputEvents = YES;
				INFOPLIST_KEY_UILaunchStoryboardName = LaunchScreen;
				INFOPLIST_KEY_UIMainStoryboardFile = Main;
				INFOPLIST_KEY_UISupportedInterfaceOrientations_iPad = "UIInterfaceOrientationPortrait UIInterfaceOrientationPortraitUpsideDown UIInterfaceOrientationLandscapeLeft UIInterfaceOrientationLandscapeRight";
				INFOPLIST_KEY_UISupportedInterfaceOrientations_iPhone = "UIInterfaceOrientationPortrait UIInterfaceOrientationLandscapeLeft UIInterfaceOrientationLandscapeRight";
				LD_RUNPATH_SEARCH_PATHS = (
					"$(inherited)",
					"@executable_path/Frameworks",
				);
				MARKETING_VERSION = 1.0;
				PRODUCT_BUNDLE_IDENTIFIER = com.alamo.gitProj;
				PRODUCT_NAME = "$(TARGET_NAME)";
				SWIFT_EMIT_LOC_STRINGS = YES;
				TARGETED_DEVICE_FAMILY = "1,2";
			};
			name = Release;
		};
/* End XCBuildConfiguration section */

/* Begin XCConfigurationList section */
		5EF744D52A4C0577005EC0FF /* Build configuration list for PBXProject "gitProj" */ = {
			isa = XCConfigurationList;
			buildConfigurations = (
				5EF744F12A4C0578005EC0FF /* Debug */,
				5EF744F22A4C0578005EC0FF /* Release */,
			);
			defaultConfigurationIsVisible = 0;
			defaultConfigurationName = Release;
		};
		5EF744F32A4C0578005EC0FF /* Build configuration list for PBXNativeTarget "gitProj" */ = {
			isa = XCConfigurationList;
			buildConfigurations = (
				5EF744F42A4C0578005EC0FF /* Debug */,
				5EF744F52A4C0578005EC0FF /* Release */,
			);
			defaultConfigurationIsVisible = 0;
			defaultConfigurationName = Release;
		};
/* End XCConfigurationList section */
	};
	rootObject = 5EF744D22A4C0577005EC0FF /* Project object */;
}
